Microsoft Visual Studio Solution File, Format Version 1.00
Project("{66355F20-A65B-11D0-BFB5-00A0C91EBFA0}") = "JniExample", "JniExample.vjp", "{38FC6F30-F67A-11D3-9E6F-0048543C293D}"
EndProject
Global
	GlobalSection(LocalDeployment) = postSolution
		StartupProject = {38FC6F30-F67A-11D3-9E6F-0048543C293D}
	EndGlobalSection
	GlobalSection(BuildOrder) = postSolution
		0 = {38FC6F30-F67A-11D3-9E6F-0048543C293D}
	EndGlobalSection
	GlobalSection(DeploymentRoot) = postSolution
	EndGlobalSection
EndGlobal
